
Microsoft Visual Studio Solution File, Format Version 12.00
# Visual Studio Version 17
VisualStudioVersion = 17.4.33122.133
MinimumVisualStudioVersion = 10.0.40219.1
Project("{FAE04EC0-301F-11D3-BF4B-00C04F79EFBC}") = "t9pr4", "t9pr4\t9pr4.csproj", "{56192121-02C9-421D-BE29-97381E5B9A7D}"
EndProject
Global
	GlobalSection(SolutionConfigurationPlatforms) = preSolution
		Debug|Any CPU = Debug|Any CPU
		Release|Any CPU = Release|Any CPU
	EndGlobalSection
	GlobalSection(ProjectConfigurationPlatforms) = postSolution
		{56192121-02C9-421D-BE29-97381E5B9A7D}.Debug|Any CPU.ActiveCfg = Debug|Any CPU
		{56192121-02C9-421D-BE29-97381E5B9A7D}.Debug|Any CPU.Build.0 = Debug|Any CPU
		{56192121-02C9-421D-BE29-97381E5B9A7D}.Release|Any CPU.ActiveCfg = Release|Any CPU
		{56192121-02C9-421D-BE29-97381E5B9A7D}.Release|Any CPU.Build.0 = Release|Any CPU
	EndGlobalSection
	GlobalSection(SolutionProperties) = preSolution
		HideSolutionNode = FALSE
	EndGlobalSection
	GlobalSection(ExtensibilityGlobals) = postSolution
		SolutionGuid = {54F636AD-9563-476B-96BC-F77E27AE2915}
	EndGlobalSection
EndGlobal
